
Microsoft Visual Studio Solution File, Format Version 12.00
# Visual Studio 15
VisualStudioVersion = 15.0.28307.106
MinimumVisualStudioVersion = 10.0.40219.1
Project("{888888A0-9F3D-457C-B088-3A5042F75D52}") = "Converter", "Converter\Converter.pyproj", "{9821DED2-C97E-48C9-BD80-31A6B9A95157}"
EndProject
Global
	GlobalSection(SolutionConfigurationPlatforms) = preSolution
		Debug|Any CPU = Debug|Any CPU
		Release|Any CPU = Release|Any CPU
	EndGlobalSection
	GlobalSection(ProjectConfigurationPlatforms) = postSolution
		{9821DED2-C97E-48C9-BD80-31A6B9A95157}.Debug|Any CPU.ActiveCfg = Debug|Any CPU
		{9821DED2-C97E-48C9-BD80-31A6B9A95157}.Debug|Any CPU.Build.0 = Debug|Any CPU
		{9821DED2-C97E-48C9-BD80-31A6B9A95157}.Release|Any CPU.ActiveCfg = Release|Any CPU
		{9821DED2-C97E-48C9-BD80-31A6B9A95157}.Release|Any CPU.Build.0 = Release|Any CPU
	EndGlobalSection
	GlobalSection(SolutionProperties) = preSolution
		HideSolutionNode = FALSE
	EndGlobalSection
	GlobalSection(ExtensibilityGlobals) = postSolution
		SolutionGuid = {AF6F87AD-2E14-455B-A1C6-64EB24141FF6}
	EndGlobalSection
EndGlobal
